
Microsoft Visual Studio Solution File, Format Version 12.00
# Visual Studio Version 17
VisualStudioVersion = 17.4.33213.308
MinimumVisualStudioVersion = 10.0.40219.1
Project("{FAE04EC0-301F-11D3-BF4B-00C04F79EFBC}") = "FarmingAndGardening", "FarmingAndGardening.csproj", "{91A043A2-5865-425C-9E29-EC838199F08D}"
EndProject
Global
	GlobalSection(SolutionConfigurationPlatforms) = preSolution
		Debug|Any CPU = Debug|Any CPU
		Release|Any CPU = Release|Any CPU
	EndGlobalSection
	GlobalSection(ProjectConfigurationPlatforms) = postSolution
		{91A043A2-5865-425C-9E29-EC838199F08D}.Debug|Any CPU.ActiveCfg = Debug|Any CPU
		{91A043A2-5865-425C-9E29-EC838199F08D}.Debug|Any CPU.Build.0 = Debug|Any CPU
		{91A043A2-5865-425C-9E29-EC838199F08D}.Release|Any CPU.ActiveCfg = Release|Any CPU
		{91A043A2-5865-425C-9E29-EC838199F08D}.Release|Any CPU.Build.0 = Release|Any CPU
	EndGlobalSection
	GlobalSection(SolutionProperties) = preSolution
		HideSolutionNode = FALSE
	EndGlobalSection
	GlobalSection(ExtensibilityGlobals) = postSolution
		SolutionGuid = {C5496679-1755-4CA9-939D-A245D2641D3B}
	EndGlobalSection
EndGlobal
